// !$*UTF8*$!
{
	archiveVersion = 1;
	classes = {
	};
	objectVersion = 50;
	objects = {

/* Begin PBXBuildFile section */
		746B757624A818EA0024BDEE /* AppDelegate.swift in Sources */ = {isa = PBXBuildFile; fileRef = 746B757524A818EA0024BDEE /* AppDelegate.swift */; };
		746B757824A818EA0024BDEE /* SceneDelegate.swift in Sources */ = {isa = PBXBuildFile; fileRef = 746B757724A818EA0024BDEE /* SceneDelegate.swift */; };
		746B757A24A818EA0024BDEE /* ContentView.swift in Sources */ = {isa = PBXBuildFile; fileRef = 746B757924A818EA0024BDEE /* ContentView.swift */; };
		746B757C24A818ED0024BDEE /* Assets.xcassets in Resources */ = {isa = PBXBuildFile; fileRef = 746B757B24A818ED0024BDEE /* Assets.xcassets */; };
		746B757F24A818ED0024BDEE /* Preview Assets.xcassets in Resources */ = {isa = PBXBuildFile; fileRef = 746B757E24A818ED0024BDEE /* Preview Assets.xcassets */; };
		746B758224A818ED0024BDEE /* LaunchScreen.storyboard in Resources */ = {isa = PBXBuildFile; fileRef = 746B758024A818ED0024BDEE /* LaunchScreen.storyboard */; };
		746B758F24A819330024BDEE /* Extensions+Modifiers.swift in Sources */ = {isa = PBXBuildFile; fileRef = 746B758A24A819330024BDEE /* Extensions+Modifiers.swift */; };
		746B759024A819330024BDEE /* InformationContainerView.swift in Sources */ = {isa = PBXBuildFile; fileRef = 746B758B24A819330024BDEE /* InformationContainerView.swift */; };
		746B759124A819330024BDEE /* TitleView.swift in Sources */ = {isa = PBXBuildFile; fileRef = 746B758C24A819330024BDEE /* TitleView.swift */; };
		746B759224A819330024BDEE /* IntroductionView.swift in Sources */ = {isa = PBXBuildFile; fileRef = 746B758D24A819330024BDEE /* IntroductionView.swift */; };
		746B759324A819330024BDEE /* InformationDetailView.swift in Sources */ = {isa = PBXBuildFile; fileRef = 746B758E24A819330024BDEE /* InformationDetailView.swift */; };
/* End PBXBuildFile section */

/* Begin PBXFileReference section */
		746B757224A818EA0024BDEE /* First.app */ = {isa = PBXFileReference; explicitFileType = wrapper.application; includeInIndex = 0; path = First.app; sourceTree = BUILT_PRODUCTS_DIR; };
		746B757524A818EA0024BDEE /* AppDelegate.swift */ = {isa = PBXFileReference; lastKnownFileType = sourcecode.swift; path = AppDelegate.swift; sourceTree = "<group>"; };
		746B757724A818EA0024BDEE /* SceneDelegate.swift */ = {isa = PBXFileReference; lastKnownFileType = sourcecode.swift; path = SceneDelegate.swift; sourceTree = "<group>"; };
		746B757924A818EA0024BDEE /* ContentView.swift */ = {isa = PBXFileReference; lastKnownFileType = sourcecode.swift; path = ContentView.swift; sourceTree = "<group>"; };
		746B757B24A818ED0024BDEE /* Assets.xcassets */ = {isa = PBXFileReference; lastKnownFileType = folder.assetcatalog; path = Assets.xcassets; sourceTree = "<group>"; };
		746B757E24A818ED0024BDEE /* Preview Assets.xcassets */ = {isa = PBXFileReference; lastKnownFileType = folder.assetcatalog; path = "Preview Assets.xcassets"; sourceTree = "<group>"; };
		746B758124A818ED0024BDEE /* Base */ = {isa = PBXFileReference; lastKnownFileType = file.storyboard; name = Base; path = Base.lproj/LaunchScreen.storyboard; sourceTree = "<group>"; };
		746B758324A818ED0024BDEE /* Info.plist */ = {isa = PBXFileReference; lastKnownFileType = text.plist.xml; path = Info.plist; sourceTree = "<group>"; };
		746B758A24A819330024BDEE /* Extensions+Modifiers.swift */ = {isa = PBXFileReference; fileEncoding = 4; lastKnownFileType = sourcecode.swift; path = "Extensions+Modifiers.swift"; sourceTree = "<group>"; };
		746B758B24A819330024BDEE /* InformationContainerView.swift */ = {isa = PBXFileReference; fileEncoding = 4; lastKnownFileType = sourcecode.swift; path = InformationContainerView.swift; sourceTree = "<group>"; };
		746B758C24A819330024BDEE /* TitleView.swift */ = {isa = PBXFileReference; fileEncoding = 4; lastKnownFileType = sourcecode.swift; path = TitleView.swift; sourceTree = "<group>"; };
		746B758D24A819330024BDEE /* IntroductionView.swift */ = {isa = PBXFileReference; fileEncoding = 4; lastKnownFileType = sourcecode.swift; path = IntroductionView.swift; sourceTree = "<group>"; };
		746B758E24A819330024BDEE /* InformationDetailView.swift */ = {isa = PBXFileReference; fileEncoding = 4; lastKnownFileType = sourcecode.swift; path = InformationDetailView.swift; sourceTree = "<group>"; };
/* End PBXFileReference section */

/* Begin PBXFrameworksBuildPhase section */
		746B756F24A818EA0024BDEE /* Frameworks */ = {
			isa = PBXFrameworksBuildPhase;
			buildActionMask = 2147483647;
			files = (
			);
			runOnlyForDeploymentPostprocessing = 0;
		};
/* End PBXFrameworksBuildPhase section */

/* Begin PBXGroup section */
		746B756924A818EA0024BDEE = {
			isa = PBXGroup;
			children = (
				746B757424A818EA0024BDEE /* First */,
				746B757324A818EA0024BDEE /* Products */,
			);
			sourceTree = "<group>";
		};
		746B757324A818EA0024BDEE /* Products */ = {
			isa = PBXGroup;
			children = (
				746B757224A818EA0024BDEE /* First.app */,
			);
			name = Products;
			sourceTree = "<group>";
		};
		746B757424A818EA0024BDEE /* First */ = {
			isa = PBXGroup;
			children = (
				746B757524A818EA0024BDEE /* AppDelegate.swift */,
				746B757724A818EA0024BDEE /* SceneDelegate.swift */,
				746B757924A818EA0024BDEE /* ContentView.swift */,
				746B757B24A818ED0024BDEE /* Assets.xcassets */,
				746B758024A818ED0024BDEE /* LaunchScreen.storyboard */,
				746B758324A818ED0024BDEE /* Info.plist */,
				746B758924A818F70024BDEE /* Welcome Screen */,
				746B757D24A818ED0024BDEE /* Preview Content */,
			);
			path = First;
			sourceTree = "<group>";
		};
		746B757D24A818ED0024BDEE /* Preview Content */ = {
			isa = PBXGroup;
			children = (
				746B757E24A818ED0024BDEE /* Preview Assets.xcassets */,
			);
			path = "Preview Content";
			sourceTree = "<group>";
		};
		746B758924A818F70024BDEE /* Welcome Screen */ = {
			isa = PBXGroup;
			children = (
				746B758A24A819330024BDEE /* Extensions+Modifiers.swift */,
				746B758B24A819330024BDEE /* InformationContainerView.swift */,
				746B758E24A819330024BDEE /* InformationDetailView.swift */,
				746B758D24A819330024BDEE /* IntroductionView.swift */,
				746B758C24A819330024BDEE /* TitleView.swift */,
			);
			path = "Welcome Screen";
			sourceTree = "<group>";
		};
/* End PBXGroup section */

/* Begin PBXNativeTarget section */
		746B757124A818EA0024BDEE /* First */ = {
			isa = PBXNativeTarget;
			buildConfigurationList = 746B758624A818ED0024BDEE /* Build configuration list for PBXNativeTarget "First" */;
			buildPhases = (
				746B756E24A818EA0024BDEE /* Sources */,
				746B756F24A818EA0024BDEE /* Frameworks */,
				746B757024A818EA0024BDEE /* Resources */,
			);
			buildRules = (
			);
			dependencies = (
			);
			name = First;
			productName = First;
			productReference = 746B757224A818EA0024BDEE /* First.app */;
			productType = "com.apple.product-type.application";
		};
/* End PBXNativeTarget section */

/* Begin PBXProject section */
		746B756A24A818EA0024BDEE /* Project object */ = {
			isa = PBXProject;
			attributes = {
				LastSwiftUpdateCheck = 1150;
				LastUpgradeCheck = 1150;
				ORGANIZATIONNAME = SKFJ;
				TargetAttributes = {
					746B757124A818EA0024BDEE = {
						CreatedOnToolsVersion = 11.5;
					};
				};
			};
			buildConfigurationList = 746B756D24A818EA0024BDEE /* Build configuration list for PBXProject "First" */;
			compatibilityVersion = "Xcode 9.3";
			developmentRegion = en;
			hasScannedForEncodings = 0;
			knownRegions = (
				en,
				Base,
			);
			mainGroup = 746B756924A818EA0024BDEE;
			productRefGroup = 746B757324A818EA0024BDEE /* Products */;
			projectDirPath = "";
			projectRoot = "";
			targets = (
				746B757124A818EA0024BDEE /* First */,
			);
		};
/* End PBXProject section */

/* Begin PBXResourcesBuildPhase section */
		746B757024A818EA0024BDEE /* Resources */ = {
			isa = PBXResourcesBuildPhase;
			buildActionMask = 2147483647;
			files = (
				746B758224A818ED0024BDEE /* LaunchScreen.storyboard in Resources */,
				746B757F24A818ED0024BDEE /* Preview Assets.xcassets in Resources */,
				746B757C24A818ED0024BDEE /* Assets.xcassets in Resources */,
			);
			runOnlyForDeploymentPostprocessing = 0;
		};
/* End PBXResourcesBuildPhase section */

/* Begin PBXSourcesBuildPhase section */
		746B756E24A818EA0024BDEE /* Sources */ = {
			isa = PBXSourcesBuildPhase;
			buildActionMask = 2147483647;
			files = (
				746B757624A818EA0024BDEE /* AppDelegate.swift in Sources */,
				746B757824A818EA0024BDEE /* SceneDelegate.swift in Sources */,
				746B759324A819330024BDEE /* InformationDetailView.swift in Sources */,
				746B759224A819330024BDEE /* IntroductionView.swift in Sources */,
				746B758F24A819330024BDEE /* Extensions+Modifiers.swift in Sources */,
				746B757A24A818EA0024BDEE /* ContentView.swift in Sources */,
				746B759024A819330024BDEE /* InformationContainerView.swift in Sources */,
				746B759124A819330024BDEE /* TitleView.swift in Sources */,
			);
			runOnlyForDeploymentPostprocessing = 0;
		};
/* End PBXSourcesBuildPhase section */

/* Begin PBXVariantGroup section */
		746B758024A818ED0024BDEE /* LaunchScreen.storyboard */ = {
			isa = PBXVariantGroup;
			children = (
				746B758124A818ED0024BDEE /* Base */,
			);
			name = LaunchScreen.storyboard;
			sourceTree = "<group>";
		};
/* End PBXVariantGroup section */

/* Begin XCBuildConfiguration section */
		746B758424A818ED0024BDEE /* Debug */ = {
			isa = XCBuildConfiguration;
			buildSettings = {
				ALWAYS_SEARCH_USER_PATHS = NO;
				CLANG_ANALYZER_NONNULL = YES;
				CLANG_ANALYZER_NUMBER_OBJECT_CONVERSION = YES_AGGRESSIVE;
				CLANG_CXX_LANGUAGE_STANDARD = "gnu++14";
				CLANG_CXX_LIBRARY = "libc++";
				CLANG_ENABLE_MODULES = YES;
				CLANG_ENABLE_OBJC_ARC = YES;
				CLANG_ENABLE_OBJC_WEAK = YES;
				CLANG_WARN_BLOCK_CAPTURE_AUTORELEASING = YES;
				CLANG_WARN_BOOL_CONVERSION = YES;
				CLANG_WARN_COMMA = YES;
				CLANG_WARN_CONSTANT_CONVERSION = YES;
				CLANG_WARN_DEPRECATED_OBJC_IMPLEMENTATIONS = YES;
				CLANG_WARN_DIRECT_OBJC_ISA_USAGE = YES_ERROR;
				CLANG_WARN_DOCUMENTATION_COMMENTS = YES;
				CLANG_WARN_EMPTY_BODY = YES;
				CLANG_WARN_ENUM_CONVERSION = YES;
				CLANG_WARN_INFINITE_RECURSION = YES;
				CLANG_WARN_INT_CONVERSION = YES;
				CLANG_WARN_NON_LITERAL_NULL_CONVERSION = YES;
				CLANG_WARN_OBJC_IMPLICIT_RETAIN_SELF = YES;
				CLANG_WARN_OBJC_LITERAL_CONVERSION = YES;
				CLANG_WARN_OBJC_ROOT_CLASS = YES_ERROR;
				CLANG_WARN_RANGE_LOOP_ANALYSIS = YES;
				CLANG_WARN_STRICT_PROTOTYPES = YES;
				CLANG_WARN_SUSPICIOUS_MOVE = YES;
				CLANG_WARN_UNGUARDED_AVAILABILITY = YES_AGGRESSIVE;
				CLANG_WARN_UNREACHABLE_CODE = YES;
				CLANG_WARN__DUPLICATE_METHOD_MATCH = YES;
				COPY_PHASE_STRIP = NO;
				DEBUG_INFORMATION_FORMAT = dwarf;
				ENABLE_STRICT_OBJC_MSGSEND = YES;
				ENABLE_TESTABILITY = YES;
				GCC_C_LANGUAGE_STANDARD = gnu11;
				GCC_DYNAMIC_NO_PIC = NO;
				GCC_NO_COMMON_BLOCKS = YES;
				GCC_OPTIMIZATION_LEVEL = 0;
				GCC_PREPROCESSOR_DEFINITIONS = (
					"DEBUG=1",
					"$(inherited)",
				);
				GCC_WARN_64_TO_32_BIT_CONVERSION = YES;
				GCC_WARN_ABOUT_RETURN_TYPE = YES_ERROR;
				GCC_WARN_UNDECLARED_SELECTOR = YES;
				GCC_WARN_UNINITIALIZED_AUTOS = YES_AGGRESSIVE;
				GCC_WARN_UNUSED_FUNCTION = YES;
				GCC_WARN_UNUSED_VARIABLE = YES;
				IPHONEOS_DEPLOYMENT_TARGET = 13.5;
				MTL_ENABLE_DEBUG_INFO = INCLUDE_SOURCE;
				MTL_FAST_MATH = YES;
				ONLY_ACTIVE_ARCH = YES;
				SDKROOT = iphoneos;
				SWIFT_ACTIVE_COMPILATION_CONDITIONS = DEBUG;
				SWIFT_OPTIMIZATION_LEVEL = "-Onone";
			};
			name = Debug;
		};
		746B758524A818ED0024BDEE /* Release */ = {
			isa = XCBuildConfiguration;
			buildSettings = {
				ALWAYS_SEARCH_USER_PATHS = NO;
				CLANG_ANALYZER_NONNULL = YES;
				CLANG_ANALYZER_NUMBER_OBJECT_CONVERSION = YES_AGGRESSIVE;
				CLANG_CXX_LANGUAGE_STANDARD = "gnu++14";
				CLANG_CXX_LIBRARY = "libc++";
				CLANG_ENABLE_MODULES = YES;
				CLANG_ENABLE_OBJC_ARC = YES;
				CLANG_ENABLE_OBJC_WEAK = YES;
				CLANG_WARN_BLOCK_CAPTURE_AUTORELEASING = YES;
				CLANG_WARN_BOOL_CONVERSION = YES;
				CLANG_WARN_COMMA = YES;
				CLANG_WARN_CONSTANT_CONVERSION = YES;
				CLANG_WARN_DEPRECATED_OBJC_IMPLEMENTATIONS = YES;
				CLANG_WARN_DIRECT_OBJC_ISA_USAGE = YES_ERROR;
				CLANG_WARN_DOCUMENTATION_COMMENTS = YES;
				CLANG_WARN_EMPTY_BODY = YES;
				CLANG_WARN_ENUM_CONVERSION = YES;
				CLANG_WARN_INFINITE_RECURSION = YES;
				CLANG_WARN_INT_CONVERSION = YES;
				CLANG_WARN_NON_LITERAL_NULL_CONVERSION = YES;
				CLANG_WARN_OBJC_IMPLICIT_RETAIN_SELF = YES;
				CLANG_WARN_OBJC_LITERAL_CONVERSION = YES;
				CLANG_WARN_OBJC_ROOT_CLASS = YES_ERROR;
				CLANG_WARN_RANGE_LOOP_ANALYSIS = YES;
				CLANG_WARN_STRICT_PROTOTYPES = YES;
				CLANG_WARN_SUSPICIOUS_MOVE = YES;
				CLANG_WARN_UNGUARDED_AVAILABILITY = YES_AGGRESSIVE;
				CLANG_WARN_UNREACHABLE_CODE = YES;
				CLANG_WARN__DUPLICATE_METHOD_MATCH = YES;
				COPY_PHASE_STRIP = NO;
				DEBUG_INFORMATION_FORMAT = "dwarf-with-dsym";
				ENABLE_NS_ASSERTIONS = NO;
				ENABLE_STRICT_OBJC_MSGSEND = YES;
				GCC_C_LANGUAGE_STANDARD = gnu11;
				GCC_NO_COMMON_BLOCKS = YES;
				GCC_WARN_64_TO_32_BIT_CONVERSION = YES;
				GCC_WARN_ABOUT_RETURN_TYPE = YES_ERROR;
				GCC_WARN_UNDECLARED_SELECTOR = YES;
				GCC_WARN_UNINITIALIZED_AUTOS = YES_AGGRESSIVE;
				GCC_WARN_UNUSED_FUNCTION = YES;
				GCC_WARN_UNUSED_VARIABLE = YES;
				IPHONEOS_DEPLOYMENT_TARGET = 13.5;
				MTL_ENABLE_DEBUG_INFO = NO;
				MTL_FAST_MATH = YES;
				SDKROOT = iphoneos;
				SWIFT_COMPILATION_MODE = wholemodule;
				SWIFT_OPTIMIZATION_LEVEL = "-O";
				VALIDATE_PRODUCT = YES;
			};
			name = Release;
		};
		746B758724A818ED0024BDEE /* Debug */ = {
			isa = XCBuildConfiguration;
			buildSettings = {
				ASSETCATALOG_COMPILER_APPICON_NAME = AppIcon;
				CODE_SIGN_STYLE = Automatic;
				DEVELOPMENT_ASSET_PATHS = "\"First/Preview Content\"";
				DEVELOPMENT_TEAM = J5FAVF69G7;
				ENABLE_PREVIEWS = YES;
				INFOPLIST_FILE = First/Info.plist;
				LD_RUNPATH_SEARCH_PATHS = (
					"$(inherited)",
					"@executable_path/Frameworks",
				);
				MARKETING_VERSION = 0.1.0;
				PRODUCT_BUNDLE_IDENTIFIER = com.SKFJ.First;
				PRODUCT_NAME = "$(TARGET_NAME)";
				SWIFT_VERSION = 5.0;
				TARGETED_DEVICE_FAMILY = 1;
			};
			name = Debug;
		};
		746B758824A818ED0024BDEE /* Release */ = {
			isa = XCBuildConfiguration;
			buildSettings = {
				ASSETCATALOG_COMPILER_APPICON_NAME = AppIcon;
				CODE_SIGN_STYLE = Automatic;
				DEVELOPMENT_ASSET_PATHS = "\"First/Preview Content\"";
				DEVELOPMENT_TEAM = J5FAVF69G7;
				ENABLE_PREVIEWS = YES;
				INFOPLIST_FILE = First/Info.plist;
				LD_RUNPATH_SEARCH_PATHS = (
					"$(inherited)",
					"@executable_path/Frameworks",
				);
				MARKETING_VERSION = 0.1.0;
				PRODUCT_BUNDLE_IDENTIFIER = com.SKFJ.First;
				PRODUCT_NAME = "$(TARGET_NAME)";
				SWIFT_VERSION = 5.0;
				TARGETED_DEVICE_FAMILY = 1;
			};
			name = Release;
		};
/* End XCBuildConfiguration section */

/* Begin XCConfigurationList section */
		746B756D24A818EA0024BDEE /* Build configuration list for PBXProject "First" */ = {
			isa = XCConfigurationList;
			buildConfigurations = (
				746B758424A818ED0024BDEE /* Debug */,
				746B758524A818ED0024BDEE /* Release */,
			);
			defaultConfigurationIsVisible = 0;
			defaultConfigurationName = Release;
		};
		746B758624A818ED0024BDEE /* Build configuration list for PBXNativeTarget "First" */ = {
			isa = XCConfigurationList;
			buildConfigurations = (
				746B758724A818ED0024BDEE /* Debug */,
				746B758824A818ED0024BDEE /* Release */,
			);
			defaultConfigurationIsVisible = 0;
			defaultConfigurationName = Release;
		};
/* End XCConfigurationList section */
	};
	rootObject = 746B756A24A818EA0024BDEE /* Project object */;
}
